
Microsoft Visual Studio Solution File, Format Version 12.00
# Visual Studio Version 17
VisualStudioVersion = 17.8.34316.72
MinimumVisualStudioVersion = 10.0.40219.1
Project("{FAE04EC0-301F-11D3-BF4B-00C04F79EFBC}") = "GraduateWork", "GraduateWork\GraduateWork.csproj", "{6A23A4B6-B0E5-4012-9D31-284319CD4EEE}"
EndProject
Global
	GlobalSection(SolutionConfigurationPlatforms) = preSolution
		Debug|Any CPU = Debug|Any CPU
		Release|Any CPU = Release|Any CPU
	EndGlobalSection
	GlobalSection(ProjectConfigurationPlatforms) = postSolution
		{6A23A4B6-B0E5-4012-9D31-284319CD4EEE}.Debug|Any CPU.ActiveCfg = Debug|Any CPU
		{6A23A4B6-B0E5-4012-9D31-284319CD4EEE}.Debug|Any CPU.Build.0 = Debug|Any CPU
		{6A23A4B6-B0E5-4012-9D31-284319CD4EEE}.Release|Any CPU.ActiveCfg = Release|Any CPU
		{6A23A4B6-B0E5-4012-9D31-284319CD4EEE}.Release|Any CPU.Build.0 = Release|Any CPU
	EndGlobalSection
	GlobalSection(SolutionProperties) = preSolution
		HideSolutionNode = FALSE
	EndGlobalSection
	GlobalSection(ExtensibilityGlobals) = postSolution
		SolutionGuid = {88804A23-0DEC-4090-87B0-30E1B1561F38}
	EndGlobalSection
EndGlobal
